# THIS IS AN AUTOGENERATED FILE. DO NOT EDIT THIS FILE DIRECTLY.
# yarn lockfile v1


"@rails/actiontext@^6.0.0":
  version "6.0.0"
  resolved "https://registry.yarnpkg.com/@rails/actiontext/-/actiontext-6.0.0.tgz#ee7f70e916c6d7c4ff2e0832047b9c1c2dff0f62"
  dependencies:
    "@rails/activestorage" "^6.0.0-alpha"

"@rails/activestorage@^6.0.0-alpha":
  version "6.0.0"
  resolved "https://registry.yarnpkg.com/@rails/activestorage/-/activestorage-6.0.0.tgz#6d9cc98f3dcf195c38ca65e80acd2e759336dd7a"
  dependencies:
    spark-md5 "^3.0.0"

spark-md5@^3.0.0:
  version "3.0.0"
  resolved "https://registry.yarnpkg.com/spark-md5/-/spark-md5-3.0.0.tgz#3722227c54e2faf24b1dc6d933cc144e6f71bfef"

trix@^1.0.0:
  version "1.2.0"
  resolved "https://registry.yarnpkg.com/trix/-/trix-1.2.0.tgz#b314101abd1d8d3d5da22ae5b866a719a73a6e21"
